
Microsoft Visual Studio Solution File, Format Version 12.00
# Visual Studio 15
VisualStudioVersion = 15.0.27703.2042
MinimumVisualStudioVersion = 10.0.40219.1
Project("{FAE04EC0-301F-11D3-BF4B-00C04F79EFBC}") = "SmallStacker", "SmallStacker\SmallStacker.csproj", "{2A3D189A-968E-47F9-807B-A14A5DE31E67}"
EndProject
Project("{FAE04EC0-301F-11D3-BF4B-00C04F79EFBC}") = "UnitTestSmallStacker", "UnitTestSmallStacker\UnitTestSmallStacker.csproj", "{E7B6188E-9EF2-4658-BD9A-D9741A9512AE}"
EndProject
Project("{54435603-DBB4-11D2-8724-00A0C9A8B90C}") = "SmallStackerSetup", "SmallStackerSetup\SmallStackerSetup.vdproj", "{05605C08-2736-4AE6-B31C-72F00A44F28C}"
EndProject
Global
	GlobalSection(SolutionConfigurationPlatforms) = preSolution
		Debug|Any CPU = Debug|Any CPU
		Release|Any CPU = Release|Any CPU
	EndGlobalSection
	GlobalSection(ProjectConfigurationPlatforms) = postSolution
		{2A3D189A-968E-47F9-807B-A14A5DE31E67}.Debug|Any CPU.ActiveCfg = Debug|Any CPU
		{2A3D189A-968E-47F9-807B-A14A5DE31E67}.Debug|Any CPU.Build.0 = Debug|Any CPU
		{2A3D189A-968E-47F9-807B-A14A5DE31E67}.Release|Any CPU.ActiveCfg = Release|Any CPU
		{2A3D189A-968E-47F9-807B-A14A5DE31E67}.Release|Any CPU.Build.0 = Release|Any CPU
		{E7B6188E-9EF2-4658-BD9A-D9741A9512AE}.Debug|Any CPU.ActiveCfg = Debug|Any CPU
		{E7B6188E-9EF2-4658-BD9A-D9741A9512AE}.Release|Any CPU.ActiveCfg = Release|Any CPU
		{E7B6188E-9EF2-4658-BD9A-D9741A9512AE}.Release|Any CPU.Build.0 = Release|Any CPU
		{05605C08-2736-4AE6-B31C-72F00A44F28C}.Debug|Any CPU.ActiveCfg = Debug
		{05605C08-2736-4AE6-B31C-72F00A44F28C}.Release|Any CPU.ActiveCfg = Release
	EndGlobalSection
	GlobalSection(SolutionProperties) = preSolution
		HideSolutionNode = FALSE
	EndGlobalSection
	GlobalSection(ExtensibilityGlobals) = postSolution
		SolutionGuid = {5C566293-CCCF-40CD-9594-D34324BA3952}
	EndGlobalSection
EndGlobal
